hash: a415e0ae5f103958508e20b6cf3fddc9ba2d6dc3c5ff1e8bff9ba363f471b511
updated: 2018-03-06T13:13:08.736642+01:00
imports:
- name: github.com/joho/godotenv
  version: a79fa1e548e2c689c241d10173efd51e5d689d5b
  subpackages:
  - autoload
- name: github.com/lib/pq
  version: 88edab0803230a3898347e77b474f8c1820a1f20
  subpackages:
  - oid
- name: github.com/urfave/negroni
  version: 5dbbc83f748fc3ad38585842b0aedab546d0ea1e
testImports: []
